
Microsoft Visual Studio Solution File, Format Version 12.00
# Visual Studio Version 16
VisualStudioVersion = 16.0.29102.190
MinimumVisualStudioVersion = 10.0.40219.1
Project("{FAE04EC0-301F-11D3-BF4B-00C04F79EFBC}") = "DBMSProject", "DBMSProject\DBMSProject.csproj", "{FFD89F9D-0153-4699-ADC1-0A3E8633DA3F}"
EndProject
Project("{FAE04EC0-301F-11D3-BF4B-00C04F79EFBC}") = "DataLayer", "DataLayer\DataLayer.csproj", "{3E5B02B5-B07C-424B-BE17-82E4D5B41CD3}"
EndProject
Project("{FAE04EC0-301F-11D3-BF4B-00C04F79EFBC}") = "ServiceLayer", "ServiceLayer\ServiceLayer.csproj", "{E87F8CBC-2BED-44AD-AB88-AB4CC7B82368}"
EndProject
Global
	GlobalSection(SolutionConfigurationPlatforms) = preSolution
		Debug|Any CPU = Debug|Any CPU
		Release|Any CPU = Release|Any CPU
	EndGlobalSection
	GlobalSection(ProjectConfigurationPlatforms) = postSolution
		{FFD89F9D-0153-4699-ADC1-0A3E8633DA3F}.Debug|Any CPU.ActiveCfg = Debug|Any CPU
		{FFD89F9D-0153-4699-ADC1-0A3E8633DA3F}.Debug|Any CPU.Build.0 = Debug|Any CPU
		{FFD89F9D-0153-4699-ADC1-0A3E8633DA3F}.Release|Any CPU.ActiveCfg = Release|Any CPU
		{FFD89F9D-0153-4699-ADC1-0A3E8633DA3F}.Release|Any CPU.Build.0 = Release|Any CPU
		{3E5B02B5-B07C-424B-BE17-82E4D5B41CD3}.Debug|Any CPU.ActiveCfg = Debug|Any CPU
		{3E5B02B5-B07C-424B-BE17-82E4D5B41CD3}.Debug|Any CPU.Build.0 = Debug|Any CPU
		{3E5B02B5-B07C-424B-BE17-82E4D5B41CD3}.Release|Any CPU.ActiveCfg = Release|Any CPU
		{3E5B02B5-B07C-424B-BE17-82E4D5B41CD3}.Release|Any CPU.Build.0 = Release|Any CPU
		{E87F8CBC-2BED-44AD-AB88-AB4CC7B82368}.Debug|Any CPU.ActiveCfg = Debug|Any CPU
		{E87F8CBC-2BED-44AD-AB88-AB4CC7B82368}.Debug|Any CPU.Build.0 = Debug|Any CPU
		{E87F8CBC-2BED-44AD-AB88-AB4CC7B82368}.Release|Any CPU.ActiveCfg = Release|Any CPU
		{E87F8CBC-2BED-44AD-AB88-AB4CC7B82368}.Release|Any CPU.Build.0 = Release|Any CPU
	EndGlobalSection
	GlobalSection(SolutionProperties) = preSolution
		HideSolutionNode = FALSE
	EndGlobalSection
	GlobalSection(ExtensibilityGlobals) = postSolution
		SolutionGuid = {277F1F01-F241-41D9-8F38-AA5E8A2B1610}
	EndGlobalSection
EndGlobal
